
Microsoft Visual Studio Solution File, Format Version 12.00
# Visual Studio Version 17
VisualStudioVersion = 17.13.35828.75 d17.13
MinimumVisualStudioVersion = 10.0.40219.1
Project("{FAE04EC0-301F-11D3-BF4B-00C04F79EFBC}") = "Praktikum5_2_22SA11A116", "Praktikum5_2_22SA11A116\Praktikum5_2_22SA11A116.csproj", "{332414E4-758C-401C-9B05-F3F536812DA4}"
EndProject
Global
	GlobalSection(SolutionConfigurationPlatforms) = preSolution
		Debug|Any CPU = Debug|Any CPU
		Release|Any CPU = Release|Any CPU
	EndGlobalSection
	GlobalSection(ProjectConfigurationPlatforms) = postSolution
		{332414E4-758C-401C-9B05-F3F536812DA4}.Debug|Any CPU.ActiveCfg = Debug|Any CPU
		{332414E4-758C-401C-9B05-F3F536812DA4}.Debug|Any CPU.Build.0 = Debug|Any CPU
		{332414E4-758C-401C-9B05-F3F536812DA4}.Release|Any CPU.ActiveCfg = Release|Any CPU
		{332414E4-758C-401C-9B05-F3F536812DA4}.Release|Any CPU.Build.0 = Release|Any CPU
	EndGlobalSection
	GlobalSection(SolutionProperties) = preSolution
		HideSolutionNode = FALSE
	EndGlobalSection
	GlobalSection(ExtensibilityGlobals) = postSolution
		SolutionGuid = {A5D6CCE6-BDD6-4B13-842F-451A9F2DD838}
	EndGlobalSection
EndGlobal
