
Microsoft Visual Studio Solution File, Format Version 12.00
# Visual Studio Version 17
VisualStudioVersion = 17.13.35828.75 d17.13
MinimumVisualStudioVersion = 10.0.40219.1
Project("{FAE04EC0-301F-11D3-BF4B-00C04F79EFBC}") = "Praktikum6_1_22SA11A116", "Praktikum6_1_22SA11A116\Praktikum6_1_22SA11A116.csproj", "{29FB3034-6CAE-496C-938B-BDDE85C7ECF7}"
EndProject
Global
	GlobalSection(SolutionConfigurationPlatforms) = preSolution
		Debug|Any CPU = Debug|Any CPU
		Release|Any CPU = Release|Any CPU
	EndGlobalSection
	GlobalSection(ProjectConfigurationPlatforms) = postSolution
		{29FB3034-6CAE-496C-938B-BDDE85C7ECF7}.Debug|Any CPU.ActiveCfg = Debug|Any CPU
		{29FB3034-6CAE-496C-938B-BDDE85C7ECF7}.Debug|Any CPU.Build.0 = Debug|Any CPU
		{29FB3034-6CAE-496C-938B-BDDE85C7ECF7}.Release|Any CPU.ActiveCfg = Release|Any CPU
		{29FB3034-6CAE-496C-938B-BDDE85C7ECF7}.Release|Any CPU.Build.0 = Release|Any CPU
	EndGlobalSection
	GlobalSection(SolutionProperties) = preSolution
		HideSolutionNode = FALSE
	EndGlobalSection
	GlobalSection(ExtensibilityGlobals) = postSolution
		SolutionGuid = {23AC5111-856D-4DB9-8D74-6E733E180C14}
	EndGlobalSection
EndGlobal
