
Microsoft Visual Studio Solution File, Format Version 12.00
# Visual Studio Version 17
VisualStudioVersion = 17.13.35828.75 d17.13
MinimumVisualStudioVersion = 10.0.40219.1
Project("{FAE04EC0-301F-11D3-BF4B-00C04F79EFBC}") = "Praktikum5_3_22SA11A116", "Praktikum5_3_22SA11A116\Praktikum5_3_22SA11A116.csproj", "{4A62ED8B-B1D9-4430-BA50-B44A08848BAA}"
EndProject
Global
	GlobalSection(SolutionConfigurationPlatforms) = preSolution
		Debug|Any CPU = Debug|Any CPU
		Release|Any CPU = Release|Any CPU
	EndGlobalSection
	GlobalSection(ProjectConfigurationPlatforms) = postSolution
		{4A62ED8B-B1D9-4430-BA50-B44A08848BAA}.Debug|Any CPU.ActiveCfg = Debug|Any CPU
		{4A62ED8B-B1D9-4430-BA50-B44A08848BAA}.Debug|Any CPU.Build.0 = Debug|Any CPU
		{4A62ED8B-B1D9-4430-BA50-B44A08848BAA}.Release|Any CPU.ActiveCfg = Release|Any CPU
		{4A62ED8B-B1D9-4430-BA50-B44A08848BAA}.Release|Any CPU.Build.0 = Release|Any CPU
	EndGlobalSection
	GlobalSection(SolutionProperties) = preSolution
		HideSolutionNode = FALSE
	EndGlobalSection
	GlobalSection(ExtensibilityGlobals) = postSolution
		SolutionGuid = {5A44A2EB-6CD6-404D-B1BC-687FC7BA031E}
	EndGlobalSection
EndGlobal
