
Microsoft Visual Studio Solution File, Format Version 12.00
# Visual Studio Version 17
VisualStudioVersion = 17.13.35828.75 d17.13
MinimumVisualStudioVersion = 10.0.40219.1
Project("{FAE04EC0-301F-11D3-BF4B-00C04F79EFBC}") = "P1_22SA11A116", "P1_22SA11A116\P1_22SA11A116.csproj", "{F7B6FE2E-C99D-4837-986F-BDFA49F10CE3}"
EndProject
Global
	GlobalSection(SolutionConfigurationPlatforms) = preSolution
		Debug|Any CPU = Debug|Any CPU
		Release|Any CPU = Release|Any CPU
	EndGlobalSection
	GlobalSection(ProjectConfigurationPlatforms) = postSolution
		{F7B6FE2E-C99D-4837-986F-BDFA49F10CE3}.Debug|Any CPU.ActiveCfg = Debug|Any CPU
		{F7B6FE2E-C99D-4837-986F-BDFA49F10CE3}.Debug|Any CPU.Build.0 = Debug|Any CPU
		{F7B6FE2E-C99D-4837-986F-BDFA49F10CE3}.Release|Any CPU.ActiveCfg = Release|Any CPU
		{F7B6FE2E-C99D-4837-986F-BDFA49F10CE3}.Release|Any CPU.Build.0 = Release|Any CPU
	EndGlobalSection
	GlobalSection(SolutionProperties) = preSolution
		HideSolutionNode = FALSE
	EndGlobalSection
	GlobalSection(ExtensibilityGlobals) = postSolution
		SolutionGuid = {2A9C42C0-CCA2-4295-BB7C-06E66EB02E22}
	EndGlobalSection
EndGlobal
