
Microsoft Visual Studio Solution File, Format Version 12.00
# Visual Studio Version 17
VisualStudioVersion = 17.13.35828.75 d17.13
MinimumVisualStudioVersion = 10.0.40219.1
Project("{FAE04EC0-301F-11D3-BF4B-00C04F79EFBC}") = "GameThreadGentarap", "GameThreadGentarap\GameThreadGentarap.csproj", "{BB618F3E-BDBA-4CA3-8ACB-AFD98E356F81}"
EndProject
Global
	GlobalSection(SolutionConfigurationPlatforms) = preSolution
		Debug|Any CPU = Debug|Any CPU
		Release|Any CPU = Release|Any CPU
	EndGlobalSection
	GlobalSection(ProjectConfigurationPlatforms) = postSolution
		{BB618F3E-BDBA-4CA3-8ACB-AFD98E356F81}.Debug|Any CPU.ActiveCfg = Debug|Any CPU
		{BB618F3E-BDBA-4CA3-8ACB-AFD98E356F81}.Debug|Any CPU.Build.0 = Debug|Any CPU
		{BB618F3E-BDBA-4CA3-8ACB-AFD98E356F81}.Release|Any CPU.ActiveCfg = Release|Any CPU
		{BB618F3E-BDBA-4CA3-8ACB-AFD98E356F81}.Release|Any CPU.Build.0 = Release|Any CPU
	EndGlobalSection
	GlobalSection(SolutionProperties) = preSolution
		HideSolutionNode = FALSE
	EndGlobalSection
	GlobalSection(ExtensibilityGlobals) = postSolution
		SolutionGuid = {FBABF14A-BA95-457D-8EE9-5C51E81A44F4}
	EndGlobalSection
EndGlobal
